
Microsoft Visual Studio Solution File, Format Version 12.00
# Visual Studio Version 17
VisualStudioVersion = 17.4.33110.190
MinimumVisualStudioVersion = 10.0.40219.1
Project("{FAE04EC0-301F-11D3-BF4B-00C04F79EFBC}") = "thirteenCafeteria", "thirteenCafeteria\thirteenCafeteria.csproj", "{AA949608-0955-4A0F-BB85-67F80E15F6BC}"
EndProject
Global
	GlobalSection(SolutionConfigurationPlatforms) = preSolution
		Debug|Any CPU = Debug|Any CPU
		Release|Any CPU = Release|Any CPU
	EndGlobalSection
	GlobalSection(ProjectConfigurationPlatforms) = postSolution
		{AA949608-0955-4A0F-BB85-67F80E15F6BC}.Debug|Any CPU.ActiveCfg = Debug|Any CPU
		{AA949608-0955-4A0F-BB85-67F80E15F6BC}.Debug|Any CPU.Build.0 = Debug|Any CPU
		{AA949608-0955-4A0F-BB85-67F80E15F6BC}.Release|Any CPU.ActiveCfg = Release|Any CPU
		{AA949608-0955-4A0F-BB85-67F80E15F6BC}.Release|Any CPU.Build.0 = Release|Any CPU
	EndGlobalSection
	GlobalSection(SolutionProperties) = preSolution
		HideSolutionNode = FALSE
	EndGlobalSection
	GlobalSection(ExtensibilityGlobals) = postSolution
		SolutionGuid = {42A9362D-04A1-4002-9280-991CE89E2909}
	EndGlobalSection
EndGlobal
